
Microsoft Visual Studio Solution File, Format Version 12.00
# Visual Studio Version 17
VisualStudioVersion = 17.6.33815.320
MinimumVisualStudioVersion = 10.0.40219.1
Project("{E24C65DC-7377-472B-9ABA-BC803B73C61A}") = "WebSite_AliErsoy", "WebSite_AliErsoy\", "{DB97C376-35FE-457B-B382-DC2400B99FC1}"
	ProjectSection(WebsiteProperties) = preProject
		TargetFrameworkMoniker = ".NETFramework,Version%3Dv4.7.2"
		Debug.AspNetCompiler.VirtualPath = "/localhost_49700"
		Debug.AspNetCompiler.PhysicalPath = "WebSite_AliErsoy\"
		Debug.AspNetCompiler.TargetPath = "PrecompiledWeb\localhost_49700\"
		Debug.AspNetCompiler.Updateable = "true"
		Debug.AspNetCompiler.ForceOverwrite = "true"
		Debug.AspNetCompiler.FixedNames = "false"
		Debug.AspNetCompiler.Debug = "True"
		Release.AspNetCompiler.VirtualPath = "/localhost_49700"
		Release.AspNetCompiler.PhysicalPath = "WebSite_AliErsoy\"
		Release.AspNetCompiler.TargetPath = "PrecompiledWeb\localhost_49700\"
		Release.AspNetCompiler.Updateable = "true"
		Release.AspNetCompiler.ForceOverwrite = "true"
		Release.AspNetCompiler.FixedNames = "false"
		Release.AspNetCompiler.Debug = "False"
		VWDPort = "49700"
		SlnRelativePath = "WebSite_AliErsoy\"
		DefaultWebSiteLanguage = "Visual C#"
	EndProjectSection
EndProject
Global
	GlobalSection(SolutionConfigurationPlatforms) = preSolution
		Debug|Any CPU = Debug|Any CPU
	EndGlobalSection
	GlobalSection(ProjectConfigurationPlatforms) = postSolution
		{DB97C376-35FE-457B-B382-DC2400B99FC1}.Debug|Any CPU.ActiveCfg = Debug|Any CPU
		{DB97C376-35FE-457B-B382-DC2400B99FC1}.Debug|Any CPU.Build.0 = Debug|Any CPU
	EndGlobalSection
	GlobalSection(SolutionProperties) = preSolution
		HideSolutionNode = FALSE
	EndGlobalSection
	GlobalSection(ExtensibilityGlobals) = postSolution
		SolutionGuid = {599D7BEE-F612-4868-8F26-5439211C74EC}
	EndGlobalSection
EndGlobal
